{
  "nodes": {
    "nixpkgs": {
      "locked": {
        "lastModified": 1776607873,
        "narHash": "sha256-Q/Vdq6kWRxAxSa2UwD6GYK9HyjIrvOE70ONr5pYqnQc=",
        "owner": "NixOS",
        "repo": "nixpkgs",
        "rev": "e0f4b84bc995c7010973e26bf0d3f9b6502949d8",
        "type": "github"
      },
      "original": {
        "id": "nixpkgs",
        "type": "indirect"
      }
    },
    "root": {
      "inputs": {
        "nixpkgs": "nixpkgs"
      }
    }
  },
  "root": "root",
  "version": 7
}
