{
  "nodes": {
    "nixpkgs": {
      "locked": {
        "lastModified": 1782569785,
        "narHash": "sha256-s9hQGeMIgJcP0dcYPoIZdJ8463nZiRHbRD/UNbhcYoo=",
        "owner": "NixOS",
        "repo": "nixpkgs",
        "rev": "e37ccb2fb2077a6acf634786fb45f4f7a900750b",
        "type": "github"
      },
      "original": {
        "id": "nixpkgs",
        "type": "indirect"
      }
    },
    "root": {
      "inputs": {
        "nixpkgs": "nixpkgs"
      }
    }
  },
  "root": "root",
  "version": 7
}
