{
  "nodes": {
    "nixpkgs": {
      "locked": {
        "lastModified": 1789827275,
        "narHash": "sha256-EZTI3LpgA/rN9wu0U4czW/tZWRnlguJk1/0J6Q9QvQc=",
        "owner": "NixOS",
        "repo": "nixpkgs",
        "rev": "c9af0078d418ccb3fdc2128e280f89604b829c6e",
        "type": "github"
      },
      "original": {
        "id": "nixpkgs",
        "type": "indirect"
      }
    },
    "root": {
      "inputs": {
        "nixpkgs": "nixpkgs"
      }
    }
  },
  "root": "root",
  "version": 7
}
